{
    "_readme": [
        "This file locks the dependencies of your project to a known state",
        "Read more about it at https://getcomposer.org/doc/01-basic-usage.md#composer-lock-the-lock-file",
        "This file is @generated automatically"
    ],
    "content-hash": "c5482735bd7dd55e9eb60ab6b741bd13",
    "packages": [
        {
            "name": "psr/log",
            "version": "1.1.3",
            "source": {
                "type": "git",
                "url": "https://github.com/php-fig/log.git",
                "reference": "0f73288fd15629204f9d42b7055f72dacbe811fc"
            },
            "dist": {
                "type": "zip",
                "url": "https://api.github.com/repos/php-fig/log/zipball/0f73288fd15629204f9d42b7055f72dacbe811fc",
                "reference": "0f73288fd15629204f9d42b7055f72dacbe811fc",
                "shasum": ""
            },
            "require": {
                "php": ">=5.3.0"
            },
            "type": "library",
            "extra": {
                "branch-alias": {
                    "dev-master": "1.1.x-dev"
                }
            },
            "autoload": {
                "psr-4": {
                    "Psr\\Log\\": "Psr/Log/"
                }
            },
            "notification-url": "https://packagist.org/downloads/",
            "license": [
                "MIT"
            ],
            "authors": [
                {
                    "name": "PHP-FIG",
                    "homepage": "http://www.php-fig.org/"
                }
            ],
            "description": "Common interface for logging libraries",
            "homepage": "https://github.com/php-fig/log",
            "keywords": [
                "log",
                "psr",
                "psr-3"
            ],
            "time": "2020-03-23T09:12:05+00:00"
        },
        {
            "name": "symfony/console",
            "version": "v3.4.43",
            "source": {
                "type": "git",
                "url": "https://github.com/symfony/console.git",
                "reference": "afc7189694d2c59546cf24ea606a236fa46a966e"
            },
            "dist": {
                "type": "zip",
                "url": "https://api.github.com/repos/symfony/console/zipball/afc7189694d2c59546cf24ea606a236fa46a966e",
                "reference": "afc7189694d2c59546cf24ea606a236fa46a966e",
                "shasum": ""
            },
            "require": {
                "php": "^5.5.9|>=7.0.8",
                "symfony/debug": "~2.8|~3.0|~4.0",
                "symfony/polyfill-mbstring": "~1.0"
            },
            "conflict": {
                "symfony/dependency-injection": "<3.4",
                "symfony/process": "<3.3"
            },
            "provide": {
                "psr/log-implementation": "1.0"
            },
            "require-dev": {
                "psr/log": "~1.0",
                "symfony/config": "~3.3|~4.0",
                "symfony/dependency-injection": "~3.4|~4.0",
                "symfony/event-dispatcher": "~2.8|~3.0|~4.0",
                "symfony/lock": "~3.4|~4.0",
                "symfony/process": "~3.3|~4.0"
            },
            "suggest": {
                "psr/log": "For using the console logger",
                "symfony/event-dispatcher": "",
                "symfony/lock": "",
                "symfony/process": ""
            },
            "type": "library",
            "extra": {
                "branch-alias": {
                    "dev-master": "3.4-dev"
                }
            },
            "autoload": {
                "psr-4": {
                    "Symfony\\Component\\Console\\": ""
                },
                "exclude-from-classmap": [
                    "/Tests/"
                ]
            },
            "notification-url": "https://packagist.org/downloads/",
            "license": [
                "MIT"
            ],
            "authors": [
                {
                    "name": "Fabien Potencier",
                    "email": "fabien@symfony.com"
                },
                {
                    "name": "Symfony Community",
                    "homepage": "https://symfony.com/contributors"
                }
            ],
            "description": "Symfony Console Component",
            "homepage": "https://symfony.com",
            "time": "2020-07-06T08:57:31+00:00"
        },
        {
            "name": "symfony/debug",
            "version": "v4.4.11",
            "source": {
                "type": "git",
                "url": "https://github.com/symfony/debug.git",
                "reference": "47aa9064d75db36389692dd4d39895a0820f00f2"
            },
            "dist": {
                "type": "zip",
                "url": "https://api.github.com/repos/symfony/debug/zipball/47aa9064d75db36389692dd4d39895a0820f00f2",
                "reference": "47aa9064d75db36389692dd4d39895a0820f00f2",
                "shasum": ""
            },
            "require": {
                "php": ">=7.1.3",
                "psr/log": "~1.0",
                "symfony/polyfill-php80": "^1.15"
            },
            "conflict": {
                "symfony/http-kernel": "<3.4"
            },
            "require-dev": {
                "symfony/http-kernel": "^3.4|^4.0|^5.0"
            },
            "type": "library",
            "extra": {
                "branch-alias": {
                    "dev-master": "4.4-dev"
                }
            },
            "autoload": {
                "psr-4": {
                    "Symfony\\Component\\Debug\\": ""
                },
                "exclude-from-classmap": [
                    "/Tests/"
                ]
            },
            "notification-url": "https://packagist.org/downloads/",
            "license": [
                "MIT"
            ],
            "authors": [
                {
                    "name": "Fabien Potencier",
                    "email": "fabien@symfony.com"
                },
                {
                    "name": "Symfony Community",
                    "homepage": "https://symfony.com/contributors"
                }
            ],
            "description": "Symfony Debug Component",
            "homepage": "https://symfony.com",
            "time": "2020-07-23T08:31:43+00:00"
        },
        {
            "name": "symfony/polyfill-mbstring",
            "version": "v1.18.1",
            "source": {
                "type": "git",
                "url": "https://github.com/symfony/polyfill-mbstring.git",
                "reference": "a6977d63bf9a0ad4c65cd352709e230876f9904a"
            },
            "dist": {
                "type": "zip",
                "url": "https://api.github.com/repos/symfony/polyfill-mbstring/zipball/a6977d63bf9a0ad4c65cd352709e230876f9904a",
                "reference": "a6977d63bf9a0ad4c65cd352709e230876f9904a",
                "shasum": ""
            },
            "require": {
                "php": ">=5.3.3"
            },
            "suggest": {
                "ext-mbstring": "For best performance"
            },
            "type": "library",
            "extra": {
                "branch-alias": {
                    "dev-master": "1.18-dev"
                },
                "thanks": {
                    "name": "symfony/polyfill",
                    "url": "https://github.com/symfony/polyfill"
                }
            },
            "autoload": {
                "psr-4": {
                    "Symfony\\Polyfill\\Mbstring\\": ""
                },
                "files": [
                    "bootstrap.php"
                ]
            },
            "notification-url": "https://packagist.org/downloads/",
            "license": [
                "MIT"
            ],
            "authors": [
                {
                    "name": "Nicolas Grekas",
                    "email": "p@tchwork.com"
                },
                {
                    "name": "Symfony Community",
                    "homepage": "https://symfony.com/contributors"
                }
            ],
            "description": "Symfony polyfill for the Mbstring extension",
            "homepage": "https://symfony.com",
            "keywords": [
                "compatibility",
                "mbstring",
                "polyfill",
                "portable",
                "shim"
            ],
            "time": "2020-07-14T12:35:20+00:00"
        },
        {
            "name": "symfony/polyfill-php80",
            "version": "v1.18.1",
            "source": {
                "type": "git",
                "url": "https://github.com/symfony/polyfill-php80.git",
                "reference": "d87d5766cbf48d72388a9f6b85f280c8ad51f981"
            },
            "dist": {
                "type": "zip",
                "url": "https://api.github.com/repos/symfony/polyfill-php80/zipball/d87d5766cbf48d72388a9f6b85f280c8ad51f981",
                "reference": "d87d5766cbf48d72388a9f6b85f280c8ad51f981",
                "shasum": ""
            },
            "require": {
                "php": ">=7.0.8"
            },
            "type": "library",
            "extra": {
                "branch-alias": {
                    "dev-master": "1.18-dev"
                },
                "thanks": {
                    "name": "symfony/polyfill",
                    "url": "https://github.com/symfony/polyfill"
                }
            },
            "autoload": {
                "psr-4": {
                    "Symfony\\Polyfill\\Php80\\": ""
                },
                "files": [
                    "bootstrap.php"
                ],
                "classmap": [
                    "Resources/stubs"
                ]
            },
            "notification-url": "https://packagist.org/downloads/",
            "license": [
                "MIT"
            ],
            "authors": [
                {
                    "name": "Ion Bazan",
                    "email": "ion.bazan@gmail.com"
                },
                {
                    "name": "Nicolas Grekas",
                    "email": "p@tchwork.com"
                },
                {
                    "name": "Symfony Community",
                    "homepage": "https://symfony.com/contributors"
                }
            ],
            "description": "Symfony polyfill backporting some PHP 8.0+ features to lower PHP versions",
            "homepage": "https://symfony.com",
            "keywords": [
                "compatibility",
                "polyfill",
                "portable",
                "shim"
            ],
            "time": "2020-07-14T12:35:20+00:00"
        },
        {
            "name": "typerocket/core",
            "version": "v4.1.3",
            "source": {
                "type": "git",
                "url": "https://github.com/TypeRocket/core.git",
                "reference": "a049f7ce401b9dd1bc0cafbd327861b6dc064a2f"
            },
            "dist": {
                "type": "zip",
                "url": "https://api.github.com/repos/TypeRocket/core/zipball/a049f7ce401b9dd1bc0cafbd327861b6dc064a2f",
                "reference": "a049f7ce401b9dd1bc0cafbd327861b6dc064a2f",
                "shasum": ""
            },
            "require": {
                "php": ">=7",
                "symfony/console": "3.4.*"
            },
            "require-dev": {
                "phpunit/phpunit": "7.4.*"
            },
            "type": "library",
            "autoload": {
                "files": [
                    "functions/functions.php",
                    "functions/helpers.php"
                ],
                "psr-4": {
                    "TypeRocket\\": "src/"
                }
            },
            "notification-url": "https://packagist.org/downloads/",
            "license": [
                "GPL-3.0-or-later"
            ],
            "authors": [
                {
                    "name": "Kevin Dees",
                    "homepage": "https://kevdees.com",
                    "role": "Creator"
                }
            ],
            "description": "The TypeRocket WordPress Framework.",
            "homepage": "https://typerocket.com",
            "keywords": [
                "framework",
                "typerocket",
                "wordpress"
            ],
            "time": "2020-08-13T17:30:35+00:00"
        },
        {
            "name": "typerocket/plugin-builder",
            "version": "v4.0.2",
            "source": {
                "type": "git",
                "url": "https://github.com/TypeRocket/plugin-builder.git",
                "reference": "3bf830e24aedbed0a3043289cbcb64587dfd002f"
            },
            "dist": {
                "type": "zip",
                "url": "https://api.github.com/repos/TypeRocket/plugin-builder/zipball/3bf830e24aedbed0a3043289cbcb64587dfd002f",
                "reference": "3bf830e24aedbed0a3043289cbcb64587dfd002f",
                "shasum": ""
            },
            "require": {
                "php": ">=7"
            },
            "type": "extension",
            "autoload": {
                "psr-4": {
                    "TypeRocketPageBuilder\\": "src/"
                }
            },
            "notification-url": "https://packagist.org/downloads/",
            "license": [
                "GPL-3.0-or-later"
            ],
            "authors": [
                {
                    "name": "Kevin Dees",
                    "homepage": "https://kevdees.com",
                    "role": "Creator"
                }
            ],
            "description": "Page Builder TypeRocket Plugin",
            "homepage": "https://typerocket.com",
            "keywords": [
                "plugin",
                "typerocket"
            ],
            "time": "2019-08-13T17:35:53+00:00"
        },
        {
            "name": "typerocket/plugin-dashboard",
            "version": "v4.0.1",
            "source": {
                "type": "git",
                "url": "https://github.com/TypeRocket/plugin-dashboard.git",
                "reference": "e10553bb0e00e78a17ebcdeb1a21f2ffb9a876c2"
            },
            "dist": {
                "type": "zip",
                "url": "https://api.github.com/repos/TypeRocket/plugin-dashboard/zipball/e10553bb0e00e78a17ebcdeb1a21f2ffb9a876c2",
                "reference": "e10553bb0e00e78a17ebcdeb1a21f2ffb9a876c2",
                "shasum": ""
            },
            "require": {
                "php": ">=7"
            },
            "type": "extension",
            "autoload": {
                "psr-4": {
                    "TypeRocketDashboard\\": "src/"
                }
            },
            "notification-url": "https://packagist.org/downloads/",
            "license": [
                "GPL-3.0-or-later"
            ],
            "authors": [
                {
                    "name": "Kevin Dees",
                    "homepage": "https://kevdees.com",
                    "role": "Creator"
                }
            ],
            "description": "Dashboard TypeRocket Plugin",
            "homepage": "https://typerocket.com",
            "keywords": [
                "plugin",
                "typerocket"
            ],
            "time": "2019-04-24T07:03:02+00:00"
        },
        {
            "name": "typerocket/plugin-dev",
            "version": "v4.0.1",
            "source": {
                "type": "git",
                "url": "https://github.com/TypeRocket/plugin-dev.git",
                "reference": "b153d33fd24a60b71ddb23fc184504d949f023ec"
            },
            "dist": {
                "type": "zip",
                "url": "https://api.github.com/repos/TypeRocket/plugin-dev/zipball/b153d33fd24a60b71ddb23fc184504d949f023ec",
                "reference": "b153d33fd24a60b71ddb23fc184504d949f023ec",
                "shasum": ""
            },
            "require": {
                "php": ">=7"
            },
            "type": "extension",
            "autoload": {
                "psr-4": {
                    "TypeRocketDev\\": "src/"
                }
            },
            "notification-url": "https://packagist.org/downloads/",
            "license": [
                "GPL-3.0-or-later"
            ],
            "authors": [
                {
                    "name": "Kevin Dees",
                    "homepage": "https://kevdees.com",
                    "role": "Creator"
                }
            ],
            "description": "Dev TypeRocket Plugin",
            "homepage": "https://typerocket.com",
            "keywords": [
                "plugin",
                "typerocket"
            ],
            "time": "2019-06-05T20:43:31+00:00"
        },
        {
            "name": "typerocket/plugin-seo",
            "version": "v4.0.1",
            "source": {
                "type": "git",
                "url": "https://github.com/TypeRocket/plugin-seo.git",
                "reference": "f50b5d41abc425d3831eb269880c3143dbd7e03d"
            },
            "dist": {
                "type": "zip",
                "url": "https://api.github.com/repos/TypeRocket/plugin-seo/zipball/f50b5d41abc425d3831eb269880c3143dbd7e03d",
                "reference": "f50b5d41abc425d3831eb269880c3143dbd7e03d",
                "shasum": ""
            },
            "require": {
                "php": ">=7"
            },
            "type": "extension",
            "autoload": {
                "psr-4": {
                    "TypeRocketSEO\\": "src/"
                }
            },
            "notification-url": "https://packagist.org/downloads/",
            "license": [
                "GPL-3.0-or-later"
            ],
            "authors": [
                {
                    "name": "Kevin Dees",
                    "homepage": "https://kevdees.com",
                    "role": "Creator"
                }
            ],
            "description": "SEO TypeRocket Plugin",
            "homepage": "https://typerocket.com",
            "keywords": [
                "plugin",
                "typerocket"
            ],
            "time": "2019-06-10T21:11:23+00:00"
        },
        {
            "name": "typerocket/plugin-theme-options",
            "version": "v4.0.0",
            "source": {
                "type": "git",
                "url": "https://github.com/TypeRocket/plugin-theme-options.git",
                "reference": "9d5f06a77ffc11ec12eb52225292e965ccc68067"
            },
            "dist": {
                "type": "zip",
                "url": "https://api.github.com/repos/TypeRocket/plugin-theme-options/zipball/9d5f06a77ffc11ec12eb52225292e965ccc68067",
                "reference": "9d5f06a77ffc11ec12eb52225292e965ccc68067",
                "shasum": ""
            },
            "require": {
                "php": ">=7"
            },
            "type": "extension",
            "autoload": {
                "psr-4": {
                    "TypeRocketThemeOptions\\": "src/"
                }
            },
            "notification-url": "https://packagist.org/downloads/",
            "license": [
                "GPL-3.0-or-later"
            ],
            "authors": [
                {
                    "name": "Kevin Dees",
                    "homepage": "https://kevdees.com",
                    "role": "Creator"
                }
            ],
            "description": "Theme Options TypeRocket Plugin",
            "homepage": "https://typerocket.com",
            "keywords": [
                "plugin",
                "typerocket"
            ],
            "time": "2019-04-24T06:50:19+00:00"
        }
    ],
    "packages-dev": [],
    "aliases": [],
    "minimum-stability": "stable",
    "stability-flags": [],
    "prefer-stable": false,
    "prefer-lowest": false,
    "platform": {
        "php": ">=7"
    },
    "platform-dev": []
}
